
Microsoft Visual Studio Solution File, Format Version 10.00
# Visual Studio 2008
Project("{8BC9CEB8-8B4A-11D0-8D11-00A0C91BC942}") = "JM_pg64", "JM_pg64.vcproj", "{168344A4-6E21-4912-9EED-2897FE88A4C0}"
EndProject
Global
	GlobalSection(SolutionConfigurationPlatforms) = preSolution
		Debug|Win32 = Debug|Win32
		Release|Win32 = Release|Win32
	EndGlobalSection
	GlobalSection(ProjectConfigurationPlatforms) = postSolution
		{168344A4-6E21-4912-9EED-2897FE88A4C0}.Debug|Win32.ActiveCfg = Debug|Win32
		{168344A4-6E21-4912-9EED-2897FE88A4C0}.Debug|Win32.Build.0 = Debug|Win32
		{168344A4-6E21-4912-9EED-2897FE88A4C0}.Release|Win32.ActiveCfg = Release|Win32
		{168344A4-6E21-4912-9EED-2897FE88A4C0}.Release|Win32.Build.0 = Release|Win32
	EndGlobalSection
	GlobalSection(SolutionProperties) = preSolution
		HideSolutionNode = FALSE
	EndGlobalSection
EndGlobal
