
Microsoft Visual Studio Solution File, Format Version 10.00
# Visual Studio 2008
Project("{8BC9CEB8-8B4A-11D0-8D11-00A0C91BC942}") = "JM_pg83Ex2", "JM_pg83Ex2.vcproj", "{DFC2F37B-FD7B-40C3-B236-E6D5423763FC}"
EndProject
Global
	GlobalSection(SolutionConfigurationPlatforms) = preSolution
		Debug|Win32 = Debug|Win32
		Release|Win32 = Release|Win32
	EndGlobalSection
	GlobalSection(ProjectConfigurationPlatforms) = postSolution
		{DFC2F37B-FD7B-40C3-B236-E6D5423763FC}.Debug|Win32.ActiveCfg = Debug|Win32
		{DFC2F37B-FD7B-40C3-B236-E6D5423763FC}.Debug|Win32.Build.0 = Debug|Win32
		{DFC2F37B-FD7B-40C3-B236-E6D5423763FC}.Release|Win32.ActiveCfg = Release|Win32
		{DFC2F37B-FD7B-40C3-B236-E6D5423763FC}.Release|Win32.Build.0 = Release|Win32
	EndGlobalSection
	GlobalSection(SolutionProperties) = preSolution
		HideSolutionNode = FALSE
	EndGlobalSection
EndGlobal
